
Microsoft Visual Studio Solution File, Format Version 12.00
# Visual Studio 2013
VisualStudioVersion = 12.0.31101.0
MinimumVisualStudioVersion = 10.0.40219.1
Project("{FAE04EC0-301F-11D3-BF4B-00C04F79EFBC}") = "Observer", "观察者模式\Observer.csproj", "{ABCD69DA-E808-4F85-8CE1-CCFDCEBC42F3}"
EndProject
Project("{FAE04EC0-301F-11D3-BF4B-00C04F79EFBC}") = "Decorator", "装饰者模式\Decorator.csproj", "{7F036ECE-5B5C-4F14-ACA9-7BBB0F0342EE}"
EndProject
Project("{FAE04EC0-301F-11D3-BF4B-00C04F79EFBC}") = "FactoryMethod", "工厂模式\FactoryMethod.csproj", "{CE79358B-FBBF-44D9-A459-6BEB08F404EB}"
EndProject
Project("{FAE04EC0-301F-11D3-BF4B-00C04F79EFBC}") = "AbstractFatory", "AbstractFatory\AbstractFatory.csproj", "{ED73A35D-8EA8-4C71-BA1A-3CB067735ECA}"
EndProject
Global
	GlobalSection(SolutionConfigurationPlatforms) = preSolution
		Debug|Any CPU = Debug|Any CPU
		Debug|Mixed Platforms = Debug|Mixed Platforms
		Debug|x86 = Debug|x86
		Release|Any CPU = Release|Any CPU
		Release|Mixed Platforms = Release|Mixed Platforms
		Release|x86 = Release|x86
	EndGlobalSection
	GlobalSection(ProjectConfigurationPlatforms) = postSolution
		{ABCD69DA-E808-4F85-8CE1-CCFDCEBC42F3}.Debug|Any CPU.ActiveCfg = Debug|x86
		{ABCD69DA-E808-4F85-8CE1-CCFDCEBC42F3}.Debug|Mixed Platforms.ActiveCfg = Debug|x86
		{ABCD69DA-E808-4F85-8CE1-CCFDCEBC42F3}.Debug|Mixed Platforms.Build.0 = Debug|x86
		{ABCD69DA-E808-4F85-8CE1-CCFDCEBC42F3}.Debug|x86.ActiveCfg = Debug|x86
		{ABCD69DA-E808-4F85-8CE1-CCFDCEBC42F3}.Debug|x86.Build.0 = Debug|x86
		{ABCD69DA-E808-4F85-8CE1-CCFDCEBC42F3}.Release|Any CPU.ActiveCfg = Release|x86
		{ABCD69DA-E808-4F85-8CE1-CCFDCEBC42F3}.Release|Mixed Platforms.ActiveCfg = Release|x86
		{ABCD69DA-E808-4F85-8CE1-CCFDCEBC42F3}.Release|Mixed Platforms.Build.0 = Release|x86
		{ABCD69DA-E808-4F85-8CE1-CCFDCEBC42F3}.Release|x86.ActiveCfg = Release|x86
		{ABCD69DA-E808-4F85-8CE1-CCFDCEBC42F3}.Release|x86.Build.0 = Release|x86
		{7F036ECE-5B5C-4F14-ACA9-7BBB0F0342EE}.Debug|Any CPU.ActiveCfg = Debug|x86
		{7F036ECE-5B5C-4F14-ACA9-7BBB0F0342EE}.Debug|Mixed Platforms.ActiveCfg = Debug|x86
		{7F036ECE-5B5C-4F14-ACA9-7BBB0F0342EE}.Debug|Mixed Platforms.Build.0 = Debug|x86
		{7F036ECE-5B5C-4F14-ACA9-7BBB0F0342EE}.Debug|x86.ActiveCfg = Debug|x86
		{7F036ECE-5B5C-4F14-ACA9-7BBB0F0342EE}.Debug|x86.Build.0 = Debug|x86
		{7F036ECE-5B5C-4F14-ACA9-7BBB0F0342EE}.Release|Any CPU.ActiveCfg = Release|x86
		{7F036ECE-5B5C-4F14-ACA9-7BBB0F0342EE}.Release|Mixed Platforms.ActiveCfg = Release|x86
		{7F036ECE-5B5C-4F14-ACA9-7BBB0F0342EE}.Release|Mixed Platforms.Build.0 = Release|x86
		{7F036ECE-5B5C-4F14-ACA9-7BBB0F0342EE}.Release|x86.ActiveCfg = Release|x86
		{7F036ECE-5B5C-4F14-ACA9-7BBB0F0342EE}.Release|x86.Build.0 = Release|x86
		{CE79358B-FBBF-44D9-A459-6BEB08F404EB}.Debug|Any CPU.ActiveCfg = Debug|x86
		{CE79358B-FBBF-44D9-A459-6BEB08F404EB}.Debug|Mixed Platforms.ActiveCfg = Debug|x86
		{CE79358B-FBBF-44D9-A459-6BEB08F404EB}.Debug|Mixed Platforms.Build.0 = Debug|x86
		{CE79358B-FBBF-44D9-A459-6BEB08F404EB}.Debug|x86.ActiveCfg = Debug|x86
		{CE79358B-FBBF-44D9-A459-6BEB08F404EB}.Debug|x86.Build.0 = Debug|x86
		{CE79358B-FBBF-44D9-A459-6BEB08F404EB}.Release|Any CPU.ActiveCfg = Release|x86
		{CE79358B-FBBF-44D9-A459-6BEB08F404EB}.Release|Mixed Platforms.ActiveCfg = Release|x86
		{CE79358B-FBBF-44D9-A459-6BEB08F404EB}.Release|Mixed Platforms.Build.0 = Release|x86
		{CE79358B-FBBF-44D9-A459-6BEB08F404EB}.Release|x86.ActiveCfg = Release|x86
		{CE79358B-FBBF-44D9-A459-6BEB08F404EB}.Release|x86.Build.0 = Release|x86
		{ED73A35D-8EA8-4C71-BA1A-3CB067735ECA}.Debug|Any CPU.ActiveCfg = Debug|Any CPU
		{ED73A35D-8EA8-4C71-BA1A-3CB067735ECA}.Debug|Any CPU.Build.0 = Debug|Any CPU
		{ED73A35D-8EA8-4C71-BA1A-3CB067735ECA}.Debug|Mixed Platforms.ActiveCfg = Debug|Any CPU
		{ED73A35D-8EA8-4C71-BA1A-3CB067735ECA}.Debug|Mixed Platforms.Build.0 = Debug|Any CPU
		{ED73A35D-8EA8-4C71-BA1A-3CB067735ECA}.Debug|x86.ActiveCfg = Debug|Any CPU
		{ED73A35D-8EA8-4C71-BA1A-3CB067735ECA}.Release|Any CPU.ActiveCfg = Release|Any CPU
		{ED73A35D-8EA8-4C71-BA1A-3CB067735ECA}.Release|Any CPU.Build.0 = Release|Any CPU
		{ED73A35D-8EA8-4C71-BA1A-3CB067735ECA}.Release|Mixed Platforms.ActiveCfg = Release|Any CPU
		{ED73A35D-8EA8-4C71-BA1A-3CB067735ECA}.Release|Mixed Platforms.Build.0 = Release|Any CPU
		{ED73A35D-8EA8-4C71-BA1A-3CB067735ECA}.Release|x86.ActiveCfg = Release|Any CPU
	EndGlobalSection
	GlobalSection(SolutionProperties) = preSolution
		HideSolutionNode = FALSE
	EndGlobalSection
EndGlobal
